
Microsoft Visual Studio Solution File, Format Version 12.00
# Visual Studio Version 17
VisualStudioVersion = 17.11.35327.3
MinimumVisualStudioVersion = 10.0.40219.1
Project("{FAE04EC0-301F-11D3-BF4B-00C04F79EFBC}") = "EjercicioPolimorfismo", "EjercicioPolimorfismo\EjercicioPolimorfismo.csproj", "{90B9EA81-6A19-41EC-9BDA-6E137F7AE65B}"
EndProject
Global
	GlobalSection(SolutionConfigurationPlatforms) = preSolution
		Debug|Any CPU = Debug|Any CPU
		Release|Any CPU = Release|Any CPU
	EndGlobalSection
	GlobalSection(ProjectConfigurationPlatforms) = postSolution
		{90B9EA81-6A19-41EC-9BDA-6E137F7AE65B}.Debug|Any CPU.ActiveCfg = Debug|Any CPU
		{90B9EA81-6A19-41EC-9BDA-6E137F7AE65B}.Debug|Any CPU.Build.0 = Debug|Any CPU
		{90B9EA81-6A19-41EC-9BDA-6E137F7AE65B}.Release|Any CPU.ActiveCfg = Release|Any CPU
		{90B9EA81-6A19-41EC-9BDA-6E137F7AE65B}.Release|Any CPU.Build.0 = Release|Any CPU
	EndGlobalSection
	GlobalSection(SolutionProperties) = preSolution
		HideSolutionNode = FALSE
	EndGlobalSection
	GlobalSection(ExtensibilityGlobals) = postSolution
		SolutionGuid = {D0759D0C-93B8-4238-A954-134EDD54911D}
	EndGlobalSection
EndGlobal
